{
  "name": "needletail-player",
  "version": "0.1.0",
  "lockfileVersion": 3,
  "requires": true,
  "packages": {
    "": {
      "name": "needletail-player",
      "version": "0.1.0",
      "dependencies": {
        "hls.js": "1.6.16"
      }
    },
    "node_modules/hls.js": {
      "version": "1.6.16",
      "resolved": "https://registry.npmjs.org/hls.js/-/hls.js-1.6.16.tgz",
      "integrity": "sha512-VSIRpLfRwlAAdGL4wiTucx2ScRipo0ed1FBatWkyt832jC4CReKstga6yIhYVwGu9LOBjuX9wzmRMeQdBJtzEA==",
      "license": "Apache-2.0"
    }
  }
}
